// !$*UTF8*$!
{
	archiveVersion = 1;
	classes = {
	};
	objectVersion = 46;
	objects = {

/* Begin PBXBuildFile section */
		2A2AD7C41F3AFB3E00BE0F47 /* AppDelegate.swift in Sources */ = {isa = PBXBuildFile; fileRef = 2A2AD7C31F3AFB3E00BE0F47 /* AppDelegate.swift */; };
		2A2AD7C61F3AFB3E00BE0F47 /* ViewController.swift in Sources */ = {isa = PBXBuildFile; fileRef = 2A2AD7C51F3AFB3E00BE0F47 /* ViewController.swift */; };
		2A2AD7C91F3AFB3E00BE0F47 /* Main.storyboard in Resources */ = {isa = PBXBuildFile; fileRef = 2A2AD7C71F3AFB3E00BE0F47 /* Main.storyboard */; };
		2A2AD7CB1F3AFB3E00BE0F47 /* Assets.xcassets in Resources */ = {isa = PBXBuildFile; fileRef = 2A2AD7CA1F3AFB3E00BE0F47 /* Assets.xcassets */; };
		2A2AD7CE1F3AFB3E00BE0F47 /* LaunchScreen.storyboard in Resources */ = {isa = PBXBuildFile; fileRef = 2A2AD7CC1F3AFB3E00BE0F47 /* LaunchScreen.storyboard */; };
/* End PBXBuildFile section */

/* Begin PBXFileReference section */
		2A2AD7C01F3AFB3E00BE0F47 /* Alamofire Get API.app */ = {isa = PBXFileReference; explicitFileType = wrapper.application; includeInIndex = 0; path = "Alamofire Get API.app"; sourceTree = BUILT_PRODUCTS_DIR; };
		2A2AD7C31F3AFB3E00BE0F47 /* AppDelegate.swift */ = {isa = PBXFileReference; lastKnownFileType = sourcecode.swift; path = AppDelegate.swift; sourceTree = "<group>"; };
		2A2AD7C51F3AFB3E00BE0F47 /* ViewController.swift */ = {isa = PBXFileReference; lastKnownFileType = sourcecode.swift; path = ViewController.swift; sourceTree = "<group>"; };
		2A2AD7C81F3AFB3E00BE0F47 /* Base */ = {isa = PBXFileReference; lastKnownFileType = file.storyboard; name = Base; path = Base.lproj/Main.storyboard; sourceTree = "<group>"; };
		2A2AD7CA1F3AFB3E00BE0F47 /* Assets.xcassets */ = {isa = PBXFileReference; lastKnownFileType = folder.assetcatalog; path = Assets.xcassets; sourceTree = "<group>"; };
		2A2AD7CD1F3AFB3E00BE0F47 /* Base */ = {isa = PBXFileReference; lastKnownFileType = file.storyboard; name = Base; path = Base.lproj/LaunchScreen.storyboard; sourceTree = "<group>"; };
		2A2AD7CF1F3AFB3E00BE0F47 /* Info.plist */ = {isa = PBXFileReference; lastKnownFileType = text.plist.xml; path = Info.plist; sourceTree = "<group>"; };
/* End PBXFileReference section */

/* Begin PBXFrameworksBuildPhase section */
		2A2AD7BD1F3AFB3E00BE0F47 /* Frameworks */ = {
			isa = PBXFrameworksBuildPhase;
			buildActionMask = 2147483647;
			files = (
			);
			runOnlyForDeploymentPostprocessing = 0;
		};
/* End PBXFrameworksBuildPhase section */

/* Begin PBXGroup section */
		2A2AD7B71F3AFB3D00BE0F47 = {
			isa = PBXGroup;
			children = (
				2A2AD7C21F3AFB3E00BE0F47 /* Alamofire Get API */,
				2A2AD7C11F3AFB3E00BE0F47 /* Products */,
			);
			sourceTree = "<group>";
		};
		2A2AD7C11F3AFB3E00BE0F47 /* Products */ = {
			isa = PBXGroup;
			children = (
				2A2AD7C01F3AFB3E00BE0F47 /* Alamofire Get API.app */,
			);
			name = Products;
			sourceTree = "<group>";
		};
		2A2AD7C21F3AFB3E00BE0F47 /* Alamofire Get API */ = {
			isa = PBXGroup;
			children = (
				2A2AD7C31F3AFB3E00BE0F47 /* AppDelegate.swift */,
				2A2AD7C51F3AFB3E00BE0F47 /* ViewController.swift */,
				2A2AD7C71F3AFB3E00BE0F47 /* Main.storyboard */,
				2A2AD7CA1F3AFB3E00BE0F47 /* Assets.xcassets */,
				2A2AD7CC1F3AFB3E00BE0F47 /* LaunchScreen.storyboard */,
				2A2AD7CF1F3AFB3E00BE0F47 /* Info.plist */,
			);
			path = "Alamofire Get API";
			sourceTree = "<group>";
		};
/* End PBXGroup section */

/* Begin PBXNativeTarget section */
		2A2AD7BF1F3AFB3E00BE0F47 /* Alamofire Get API */ = {
			isa = PBXNativeTarget;
			buildConfigurationList = 2A2AD7D21F3AFB3E00BE0F47 /* Build configuration list for PBXNativeTarget "Alamofire Get API" */;
			buildPhases = (
				2A2AD7BC1F3AFB3E00BE0F47 /* Sources */,
				2A2AD7BD1F3AFB3E00BE0F47 /* Frameworks */,
				2A2AD7BE1F3AFB3E00BE0F47 /* Resources */,
			);
			buildRules = (
			);
			dependencies = (
			);
			name = "Alamofire Get API";
			productName = "Alamofire Get API";
			productReference = 2A2AD7C01F3AFB3E00BE0F47 /* Alamofire Get API.app */;
			productType = "com.apple.product-type.application";
		};
/* End PBXNativeTarget section */

/* Begin PBXProject section */
		2A2AD7B81F3AFB3D00BE0F47 /* Project object */ = {
			isa = PBXProject;
			attributes = {
				LastSwiftUpdateCheck = 0830;
				LastUpgradeCheck = 0830;
				ORGANIZATIONNAME = David;
				TargetAttributes = {
					2A2AD7BF1F3AFB3E00BE0F47 = {
						CreatedOnToolsVersion = 8.3;
						DevelopmentTeam = LM3646D5FX;
						ProvisioningStyle = Automatic;
					};
				};
			};
			buildConfigurationList = 2A2AD7BB1F3AFB3D00BE0F47 /* Build configuration list for PBXProject "Alamofire Get API" */;
			compatibilityVersion = "Xcode 3.2";
			developmentRegion = English;
			hasScannedForEncodings = 0;
			knownRegions = (
				en,
				Base,
			);
			mainGroup = 2A2AD7B71F3AFB3D00BE0F47;
			productRefGroup = 2A2AD7C11F3AFB3E00BE0F47 /* Products */;
			projectDirPath = "";
			projectRoot = "";
			targets = (
				2A2AD7BF1F3AFB3E00BE0F47 /* Alamofire Get API */,
			);
		};
/* End PBXProject section */

/* Begin PBXResourcesBuildPhase section */
		2A2AD7BE1F3AFB3E00BE0F47 /* Resources */ = {
			isa = PBXResourcesBuildPhase;
			buildActionMask = 2147483647;
			files = (
				2A2AD7CE1F3AFB3E00BE0F47 /* LaunchScreen.storyboard in Resources */,
				2A2AD7CB1F3AFB3E00BE0F47 /* Assets.xcassets in Resources */,
				2A2AD7C91F3AFB3E00BE0F47 /* Main.storyboard in Resources */,
			);
			runOnlyForDeploymentPostprocessing = 0;
		};
/* End PBXResourcesBuildPhase section */

/* Begin PBXSourcesBuildPhase section */
		2A2AD7BC1F3AFB3E00BE0F47 /* Sources */ = {
			isa = PBXSourcesBuildPhase;
			buildActionMask = 2147483647;
			files = (
				2A2AD7C61F3AFB3E00BE0F47 /* ViewController.swift in Sources */,
				2A2AD7C41F3AFB3E00BE0F47 /* AppDelegate.swift in Sources */,
			);
			runOnlyForDeploymentPostprocessing = 0;
		};
/* End PBXSourcesBuildPhase section */

/* Begin PBXVariantGroup section */
		2A2AD7C71F3AFB3E00BE0F47 /* Main.storyboard */ = {
			isa = PBXVariantGroup;
			children = (
				2A2AD7C81F3AFB3E00BE0F47 /* Base */,
			);
			name = Main.storyboard;
			sourceTree = "<group>";
		};
		2A2AD7CC1F3AFB3E00BE0F47 /* LaunchScreen.storyboard */ = {
			isa = PBXVariantGroup;
			children = (
				2A2AD7CD1F3AFB3E00BE0F47 /* Base */,
			);
			name = LaunchScreen.storyboard;
			sourceTree = "<group>";
		};
/* End PBXVariantGroup section */

/* Begin XCBuildConfiguration section */
		2A2AD7D01F3AFB3E00BE0F47 /* Debug */ = {
			isa = XCBuildConfiguration;
			buildSettings = {
				ALWAYS_SEARCH_USER_PATHS = NO;
				CLANG_ANALYZER_NONNULL = YES;
				CLANG_ANALYZER_NUMBER_OBJECT_CONVERSION = YES_AGGRESSIVE;
				CLANG_CXX_LANGUAGE_STANDARD = "gnu++0x";
				CLANG_CXX_LIBRARY = "libc++";
				CLANG_ENABLE_MODULES = YES;
				CLANG_ENABLE_OBJC_ARC = YES;
				CLANG_WARN_BOOL_CONVERSION = YES;
				CLANG_WARN_CONSTANT_CONVERSION = YES;
				CLANG_WARN_DIRECT_OBJC_ISA_USAGE = YES_ERROR;
				CLANG_WARN_DOCUMENTATION_COMMENTS = YES;
				CLANG_WARN_EMPTY_BODY = YES;
				CLANG_WARN_ENUM_CONVERSION = YES;
				CLANG_WARN_INFINITE_RECURSION = YES;
				CLANG_WARN_INT_CONVERSION = YES;
				CLANG_WARN_OBJC_ROOT_CLASS = YES_ERROR;
				CLANG_WARN_SUSPICIOUS_MOVE = YES;
				CLANG_WARN_UNREACHABLE_CODE = YES;
				CLANG_WARN__DUPLICATE_METHOD_MATCH = YES;
				"CODE_SIGN_IDENTITY[sdk=iphoneos*]" = "iPhone Developer";
				COPY_PHASE_STRIP = NO;
				DEBUG_INFORMATION_FORMAT = dwarf;
				ENABLE_STRICT_OBJC_MSGSEND = YES;
				ENABLE_TESTABILITY = YES;
				GCC_C_LANGUAGE_STANDARD = gnu99;
				GCC_DYNAMIC_NO_PIC = NO;
				GCC_NO_COMMON_BLOCKS = YES;
				GCC_OPTIMIZATION_LEVEL = 0;
				GCC_PREPROCESSOR_DEFINITIONS = (
					"DEBUG=1",
					"$(inherited)",
				);
				GCC_WARN_64_TO_32_BIT_CONVERSION = YES;
				GCC_WARN_ABOUT_RETURN_TYPE = YES_ERROR;
				GCC_WARN_UNDECLARED_SELECTOR = YES;
				GCC_WARN_UNINITIALIZED_AUTOS = YES_AGGRESSIVE;
				GCC_WARN_UNUSED_FUNCTION = YES;
				GCC_WARN_UNUSED_VARIABLE = YES;
				IPHONEOS_DEPLOYMENT_TARGET = 10.3;
				MTL_ENABLE_DEBUG_INFO = YES;
				ONLY_ACTIVE_ARCH = YES;
				SDKROOT = iphoneos;
				SWIFT_ACTIVE_COMPILATION_CONDITIONS = DEBUG;
				SWIFT_OPTIMIZATION_LEVEL = "-Onone";
				TARGETED_DEVICE_FAMILY = "1,2";
			};
			name = Debug;
		};
		2A2AD7D11F3AFB3E00BE0F47 /* Release */ = {
			isa = XCBuildConfiguration;
			buildSettings = {
				ALWAYS_SEARCH_USER_PATHS = NO;
				CLANG_ANALYZER_NONNULL = YES;
				CLANG_ANALYZER_NUMBER_OBJECT_CONVERSION = YES_AGGRESSIVE;
				CLANG_CXX_LANGUAGE_STANDARD = "gnu++0x";
				CLANG_CXX_LIBRARY = "libc++";
				CLANG_ENABLE_MODULES = YES;
				CLANG_ENABLE_OBJC_ARC = YES;
				CLANG_WARN_BOOL_CONVERSION = YES;
				CLANG_WARN_CONSTANT_CONVERSION = YES;
				CLANG_WARN_DIRECT_OBJC_ISA_USAGE = YES_ERROR;
				CLANG_WARN_DOCUMENTATION_COMMENTS = YES;
				CLANG_WARN_EMPTY_BODY = YES;
				CLANG_WARN_ENUM_CONVERSION = YES;
				CLANG_WARN_INFINITE_RECURSION = YES;
				CLANG_WARN_INT_CONVERSION = YES;
				CLANG_WARN_OBJC_ROOT_CLASS = YES_ERROR;
				CLANG_WARN_SUSPICIOUS_MOVE = YES;
				CLANG_WARN_UNREACHABLE_CODE = YES;
				CLANG_WARN__DUPLICATE_METHOD_MATCH = YES;
				"CODE_SIGN_IDENTITY[sdk=iphoneos*]" = "iPhone Developer";
				COPY_PHASE_STRIP = NO;
				DEBUG_INFORMATION_FORMAT = "dwarf-with-dsym";
				ENABLE_NS_ASSERTIONS = NO;
				ENABLE_STRICT_OBJC_MSGSEND = YES;
				GCC_C_LANGUAGE_STANDARD = gnu99;
				GCC_NO_COMMON_BLOCKS = YES;
				GCC_WARN_64_TO_32_BIT_CONVERSION = YES;
				GCC_WARN_ABOUT_RETURN_TYPE = YES_ERROR;
				GCC_WARN_UNDECLARED_SELECTOR = YES;
				GCC_WARN_UNINITIALIZED_AUTOS = YES_AGGRESSIVE;
				GCC_WARN_UNUSED_FUNCTION = YES;
				GCC_WARN_UNUSED_VARIABLE = YES;
				IPHONEOS_DEPLOYMENT_TARGET = 10.3;
				MTL_ENABLE_DEBUG_INFO = NO;
				SDKROOT = iphoneos;
				SWIFT_OPTIMIZATION_LEVEL = "-Owholemodule";
				TARGETED_DEVICE_FAMILY = "1,2";
				VALIDATE_PRODUCT = YES;
			};
			name = Release;
		};
		2A2AD7D31F3AFB3E00BE0F47 /* Debug */ = {
			isa = XCBuildConfiguration;
			buildSettings = {
				ASSETCATALOG_COMPILER_APPICON_NAME = AppIcon;
				DEVELOPMENT_TEAM = LM3646D5FX;
				INFOPLIST_FILE = "Alamofire Get API/Info.plist";
				LD_RUNPATH_SEARCH_PATHS = "$(inherited) @executable_path/Frameworks";
				PRODUCT_BUNDLE_IDENTIFIER = "com.david.Alamofire-Get-API";
				PRODUCT_NAME = "$(TARGET_NAME)";
				SWIFT_VERSION = 3.0;
			};
			name = Debug;
		};
		2A2AD7D41F3AFB3E00BE0F47 /* Release */ = {
			isa = XCBuildConfiguration;
			buildSettings = {
				ASSETCATALOG_COMPILER_APPICON_NAME = AppIcon;
				DEVELOPMENT_TEAM = LM3646D5FX;
				INFOPLIST_FILE = "Alamofire Get API/Info.plist";
				LD_RUNPATH_SEARCH_PATHS = "$(inherited) @executable_path/Frameworks";
				PRODUCT_BUNDLE_IDENTIFIER = "com.david.Alamofire-Get-API";
				PRODUCT_NAME = "$(TARGET_NAME)";
				SWIFT_VERSION = 3.0;
			};
			name = Release;
		};
/* End XCBuildConfiguration section */

/* Begin XCConfigurationList section */
		2A2AD7BB1F3AFB3D00BE0F47 /* Build configuration list for PBXProject "Alamofire Get API" */ = {
			isa = XCConfigurationList;
			buildConfigurations = (
				2A2AD7D01F3AFB3E00BE0F47 /* Debug */,
				2A2AD7D11F3AFB3E00BE0F47 /* Release */,
			);
			defaultConfigurationIsVisible = 0;
			defaultConfigurationName = Release;
		};
		2A2AD7D21F3AFB3E00BE0F47 /* Build configuration list for PBXNativeTarget "Alamofire Get API" */ = {
			isa = XCConfigurationList;
			buildConfigurations = (
				2A2AD7D31F3AFB3E00BE0F47 /* Debug */,
				2A2AD7D41F3AFB3E00BE0F47 /* Release */,
			);
			defaultConfigurationIsVisible = 0;
		};
/* End XCConfigurationList section */
	};
	rootObject = 2A2AD7B81F3AFB3D00BE0F47 /* Project object */;
}
